
Microsoft Visual Studio Solution File, Format Version 12.00
Project("{FAE04EC0-301F-11D3-BF4B-00C04F79EFBC}") = "ProjectK.Api", "Adapters\Driving\Apis\ProjectK.Api\ProjectK.Api.csproj", "{8DB8E0D6-7D17-43E0-B2B9-052B97FC3717}"
EndProject
Project("{2150E333-8FDC-42A3-9474-1A3956D46DE8}") = "Adapters", "Adapters", "{6B147E3A-E73B-44A0-87D4-5E0A44C718F1}"
EndProject
Project("{2150E333-8FDC-42A3-9474-1A3956D46DE8}") = "Driving", "Driving", "{E6FB910C-B61E-4F89-ABA3-FD8D6F390701}"
EndProject
Project("{2150E333-8FDC-42A3-9474-1A3956D46DE8}") = "Apis", "Apis", "{1B53503D-A705-41C7-B0CD-5C430DC76D92}"
EndProject
Project("{2150E333-8FDC-42A3-9474-1A3956D46DE8}") = "Core", "Core", "{602EA3A6-4188-4D9B-86CB-CE154535FF67}"
EndProject
Project("{FAE04EC0-301F-11D3-BF4B-00C04F79EFBC}") = "ProjectK.Core", "Core\ProjectK.Core\ProjectK.Core.csproj", "{1582C221-FF9A-4354-A88D-DF2F74D9C9BF}"
EndProject
Project("{2150E333-8FDC-42A3-9474-1A3956D46DE8}") = "Infrastructure", "Infrastructure", "{49EAB4A8-76C6-4403-A745-0AE70E5B1036}"
EndProject
Project("{FAE04EC0-301F-11D3-BF4B-00C04F79EFBC}") = "ProjectK.Infrastructure", "Infrastructure\ProjectK.Infrastructure\ProjectK.Infrastructure.csproj", "{13C0726C-9C93-48DD-B578-767945F74B85}"
EndProject
Project("{FAE04EC0-301F-11D3-BF4B-00C04F79EFBC}") = "ProjectK.Database", "Adapters\Driven\ProjectK.Database\ProjectK.Database.csproj", "{C1145A0B-EF85-41B3-8B33-F5E0CC5ADB8C}"
EndProject
Project("{2150E333-8FDC-42A3-9474-1A3956D46DE8}") = "Driven", "Driven", "{F25A7C9D-F418-4E4C-BA4F-1FE07FFDDCE4}"
EndProject
Project("{2150E333-8FDC-42A3-9474-1A3956D46DE8}") = "Tests", "Tests", "{A14B7ABD-E0D9-4B89-8F05-DAD0AE1D6A78}"
EndProject
Project("{2150E333-8FDC-42A3-9474-1A3956D46DE8}") = "Adapters", "Adapters", "{DA27D9A5-B68D-4007-AFC0-62FF14F2B9B7}"
EndProject
Project("{2150E333-8FDC-42A3-9474-1A3956D46DE8}") = "Driving", "Driving", "{EB4A8167-5A17-477C-A686-2FF51633FA62}"
EndProject
Project("{2150E333-8FDC-42A3-9474-1A3956D46DE8}") = "Apis", "Apis", "{50183746-2F40-4D48-9B5C-785EEB80F275}"
EndProject
Project("{FAE04EC0-301F-11D3-BF4B-00C04F79EFBC}") = "ProjectK.Api.Tests", "Tests\Adapters\Driving\Apis\ProjectK.Api.Tests\ProjectK.Api.Tests.csproj", "{DB4546F3-35B7-48A6-9FF2-7160E7007824}"
EndProject
Project("{FAE04EC0-301F-11D3-BF4B-00C04F79EFBC}") = "ProjectK.Tests.Shared", "Tests\ProjectK.Tests.Shared\ProjectK.Tests.Shared.csproj", "{1AA20007-F1FD-417A-99A2-983B2BB97AC5}"
EndProject
Project("{2150E333-8FDC-42A3-9474-1A3956D46DE8}") = "Core", "Core", "{696646DA-BF34-4466-8D53-6121EA067821}"
EndProject
Project("{FAE04EC0-301F-11D3-BF4B-00C04F79EFBC}") = "ProjectK.Core.Tests", "Tests\Core\ProjectK.Core.Tests\ProjectK.Core.Tests.csproj", "{1B3CA57B-F626-4093-9EE6-3539C951E920}"
EndProject
Project("{2150E333-8FDC-42A3-9474-1A3956D46DE8}") = "Infrastructure", "Infrastructure", "{8CB306AF-879B-4428-8BAD-EDBFE3A931A7}"
EndProject
Project("{FAE04EC0-301F-11D3-BF4B-00C04F79EFBC}") = "ProjectK.Infrastructure.Tests", "Tests\Infrastructure\ProjectK.Infrastructure.Tests\ProjectK.Infrastructure.Tests.csproj", "{754CC691-2EE2-4590-9953-A36446B081DF}"
EndProject
Project("{2150E333-8FDC-42A3-9474-1A3956D46DE8}") = "Driven", "Driven", "{CB05721D-145C-46A3-ACFA-65EAAF424A10}"
EndProject
Project("{FAE04EC0-301F-11D3-BF4B-00C04F79EFBC}") = "ProjectK.Database.Tests", "Tests\Adapters\Driven\ProjectK.Database.Tests\ProjectK.Database.Tests.csproj", "{B09C7AD7-6720-46F7-9152-54EA572BD4B0}"
EndProject
Global
	GlobalSection(SolutionConfigurationPlatforms) = preSolution
		Debug|Any CPU = Debug|Any CPU
		Release|Any CPU = Release|Any CPU
	EndGlobalSection
	GlobalSection(ProjectConfigurationPlatforms) = postSolution
		{8DB8E0D6-7D17-43E0-B2B9-052B97FC3717}.Debug|Any CPU.ActiveCfg = Debug|Any CPU
		{8DB8E0D6-7D17-43E0-B2B9-052B97FC3717}.Debug|Any CPU.Build.0 = Debug|Any CPU
		{8DB8E0D6-7D17-43E0-B2B9-052B97FC3717}.Release|Any CPU.ActiveCfg = Release|Any CPU
		{8DB8E0D6-7D17-43E0-B2B9-052B97FC3717}.Release|Any CPU.Build.0 = Release|Any CPU
		{1582C221-FF9A-4354-A88D-DF2F74D9C9BF}.Debug|Any CPU.ActiveCfg = Debug|Any CPU
		{1582C221-FF9A-4354-A88D-DF2F74D9C9BF}.Debug|Any CPU.Build.0 = Debug|Any CPU
		{1582C221-FF9A-4354-A88D-DF2F74D9C9BF}.Release|Any CPU.ActiveCfg = Release|Any CPU
		{1582C221-FF9A-4354-A88D-DF2F74D9C9BF}.Release|Any CPU.Build.0 = Release|Any CPU
		{13C0726C-9C93-48DD-B578-767945F74B85}.Debug|Any CPU.ActiveCfg = Debug|Any CPU
		{13C0726C-9C93-48DD-B578-767945F74B85}.Debug|Any CPU.Build.0 = Debug|Any CPU
		{13C0726C-9C93-48DD-B578-767945F74B85}.Release|Any CPU.ActiveCfg = Release|Any CPU
		{13C0726C-9C93-48DD-B578-767945F74B85}.Release|Any CPU.Build.0 = Release|Any CPU
		{C1145A0B-EF85-41B3-8B33-F5E0CC5ADB8C}.Debug|Any CPU.ActiveCfg = Debug|Any CPU
		{C1145A0B-EF85-41B3-8B33-F5E0CC5ADB8C}.Debug|Any CPU.Build.0 = Debug|Any CPU
		{C1145A0B-EF85-41B3-8B33-F5E0CC5ADB8C}.Release|Any CPU.ActiveCfg = Release|Any CPU
		{C1145A0B-EF85-41B3-8B33-F5E0CC5ADB8C}.Release|Any CPU.Build.0 = Release|Any CPU
		{DB4546F3-35B7-48A6-9FF2-7160E7007824}.Debug|Any CPU.ActiveCfg = Debug|Any CPU
		{DB4546F3-35B7-48A6-9FF2-7160E7007824}.Debug|Any CPU.Build.0 = Debug|Any CPU
		{DB4546F3-35B7-48A6-9FF2-7160E7007824}.Release|Any CPU.ActiveCfg = Release|Any CPU
		{DB4546F3-35B7-48A6-9FF2-7160E7007824}.Release|Any CPU.Build.0 = Release|Any CPU
		{1AA20007-F1FD-417A-99A2-983B2BB97AC5}.Debug|Any CPU.ActiveCfg = Debug|Any CPU
		{1AA20007-F1FD-417A-99A2-983B2BB97AC5}.Debug|Any CPU.Build.0 = Debug|Any CPU
		{1AA20007-F1FD-417A-99A2-983B2BB97AC5}.Release|Any CPU.ActiveCfg = Release|Any CPU
		{1AA20007-F1FD-417A-99A2-983B2BB97AC5}.Release|Any CPU.Build.0 = Release|Any CPU
		{1B3CA57B-F626-4093-9EE6-3539C951E920}.Debug|Any CPU.ActiveCfg = Debug|Any CPU
		{1B3CA57B-F626-4093-9EE6-3539C951E920}.Debug|Any CPU.Build.0 = Debug|Any CPU
		{1B3CA57B-F626-4093-9EE6-3539C951E920}.Release|Any CPU.ActiveCfg = Release|Any CPU
		{1B3CA57B-F626-4093-9EE6-3539C951E920}.Release|Any CPU.Build.0 = Release|Any CPU
		{754CC691-2EE2-4590-9953-A36446B081DF}.Debug|Any CPU.ActiveCfg = Debug|Any CPU
		{754CC691-2EE2-4590-9953-A36446B081DF}.Debug|Any CPU.Build.0 = Debug|Any CPU
		{754CC691-2EE2-4590-9953-A36446B081DF}.Release|Any CPU.ActiveCfg = Release|Any CPU
		{754CC691-2EE2-4590-9953-A36446B081DF}.Release|Any CPU.Build.0 = Release|Any CPU
		{B09C7AD7-6720-46F7-9152-54EA572BD4B0}.Debug|Any CPU.ActiveCfg = Debug|Any CPU
		{B09C7AD7-6720-46F7-9152-54EA572BD4B0}.Debug|Any CPU.Build.0 = Debug|Any CPU
		{B09C7AD7-6720-46F7-9152-54EA572BD4B0}.Release|Any CPU.ActiveCfg = Release|Any CPU
		{B09C7AD7-6720-46F7-9152-54EA572BD4B0}.Release|Any CPU.Build.0 = Release|Any CPU
	EndGlobalSection
	GlobalSection(NestedProjects) = preSolution
		{E6FB910C-B61E-4F89-ABA3-FD8D6F390701} = {6B147E3A-E73B-44A0-87D4-5E0A44C718F1}
		{1B53503D-A705-41C7-B0CD-5C430DC76D92} = {E6FB910C-B61E-4F89-ABA3-FD8D6F390701}
		{8DB8E0D6-7D17-43E0-B2B9-052B97FC3717} = {1B53503D-A705-41C7-B0CD-5C430DC76D92}
		{1582C221-FF9A-4354-A88D-DF2F74D9C9BF} = {602EA3A6-4188-4D9B-86CB-CE154535FF67}
		{13C0726C-9C93-48DD-B578-767945F74B85} = {49EAB4A8-76C6-4403-A745-0AE70E5B1036}
		{F25A7C9D-F418-4E4C-BA4F-1FE07FFDDCE4} = {6B147E3A-E73B-44A0-87D4-5E0A44C718F1}
		{C1145A0B-EF85-41B3-8B33-F5E0CC5ADB8C} = {F25A7C9D-F418-4E4C-BA4F-1FE07FFDDCE4}
		{DA27D9A5-B68D-4007-AFC0-62FF14F2B9B7} = {A14B7ABD-E0D9-4B89-8F05-DAD0AE1D6A78}
		{EB4A8167-5A17-477C-A686-2FF51633FA62} = {DA27D9A5-B68D-4007-AFC0-62FF14F2B9B7}
		{50183746-2F40-4D48-9B5C-785EEB80F275} = {EB4A8167-5A17-477C-A686-2FF51633FA62}
		{DB4546F3-35B7-48A6-9FF2-7160E7007824} = {50183746-2F40-4D48-9B5C-785EEB80F275}
		{1AA20007-F1FD-417A-99A2-983B2BB97AC5} = {A14B7ABD-E0D9-4B89-8F05-DAD0AE1D6A78}
		{696646DA-BF34-4466-8D53-6121EA067821} = {A14B7ABD-E0D9-4B89-8F05-DAD0AE1D6A78}
		{1B3CA57B-F626-4093-9EE6-3539C951E920} = {696646DA-BF34-4466-8D53-6121EA067821}
		{8CB306AF-879B-4428-8BAD-EDBFE3A931A7} = {A14B7ABD-E0D9-4B89-8F05-DAD0AE1D6A78}
		{754CC691-2EE2-4590-9953-A36446B081DF} = {8CB306AF-879B-4428-8BAD-EDBFE3A931A7}
		{CB05721D-145C-46A3-ACFA-65EAAF424A10} = {DA27D9A5-B68D-4007-AFC0-62FF14F2B9B7}
		{B09C7AD7-6720-46F7-9152-54EA572BD4B0} = {CB05721D-145C-46A3-ACFA-65EAAF424A10}
	EndGlobalSection
EndGlobal
